// !$*UTF8*$!
{
	archiveVersion = 1;
	classes = {
	};
	objectVersion = 46;
	objects = {

/* Begin PBXBuildFile section */
		B276B4BC1D0AA8BA00C888B6 /* ETF.cpp in Sources */ = {isa = PBXBuildFile; fileRef = B276B49E1D0AA8BA00C888B6 /* ETF.cpp */; };
		B276B4BD1D0AA8BA00C888B6 /* fdog.cpp in Sources */ = {isa = PBXBuildFile; fileRef = B276B49F1D0AA8BA00C888B6 /* fdog.cpp */; };
		B276B4BE1D0AA8BA00C888B6 /* Calibration.cpp in Sources */ = {isa = PBXBuildFile; fileRef = B276B4B01D0AA8BA00C888B6 /* Calibration.cpp */; };
		B276B4BF1D0AA8BA00C888B6 /* ContourFinder.cpp in Sources */ = {isa = PBXBuildFile; fileRef = B276B4B11D0AA8BA00C888B6 /* ContourFinder.cpp */; };
		B276B4C01D0AA8BA00C888B6 /* Distance.cpp in Sources */ = {isa = PBXBuildFile; fileRef = B276B4B21D0AA8BA00C888B6 /* Distance.cpp */; };
		B276B4C11D0AA8BA00C888B6 /* Flow.cpp in Sources */ = {isa = PBXBuildFile; fileRef = B276B4B31D0AA8BA00C888B6 /* Flow.cpp */; };
		B276B4C21D0AA8BA00C888B6 /* Helpers.cpp in Sources */ = {isa = PBXBuildFile; fileRef = B276B4B41D0AA8BA00C888B6 /* Helpers.cpp */; };
		B276B4C31D0AA8BA00C888B6 /* Kalman.cpp in Sources */ = {isa = PBXBuildFile; fileRef = B276B4B51D0AA8BA00C888B6 /* Kalman.cpp */; };
		B276B4C41D0AA8BA00C888B6 /* ObjectFinder.cpp in Sources */ = {isa = PBXBuildFile; fileRef = B276B4B61D0AA8BA00C888B6 /* ObjectFinder.cpp */; };
		B276B4C51D0AA8BA00C888B6 /* RunningBackground.cpp in Sources */ = {isa = PBXBuildFile; fileRef = B276B4B71D0AA8BA00C888B6 /* RunningBackground.cpp */; };
		B276B4C61D0AA8BA00C888B6 /* Tracker.cpp in Sources */ = {isa = PBXBuildFile; fileRef = B276B4B81D0AA8BA00C888B6 /* Tracker.cpp */; };
		B276B4C71D0AA8BA00C888B6 /* Utilities.cpp in Sources */ = {isa = PBXBuildFile; fileRef = B276B4B91D0AA8BA00C888B6 /* Utilities.cpp */; };
		B276B4C81D0AA8BA00C888B6 /* Wrappers.cpp in Sources */ = {isa = PBXBuildFile; fileRef = B276B4BA1D0AA8BA00C888B6 /* Wrappers.cpp */; };
		B276B4C91D0AA8BA00C888B6 /* opencv.a in Frameworks */ = {isa = PBXBuildFile; fileRef = B276B4BB1D0AA8BA00C888B6 /* opencv.a */; };
		B282ADD21D05771A0080A150 /* ofxBaseGui.cpp in Sources */ = {isa = PBXBuildFile; fileRef = B282ADC11D05771A0080A150 /* ofxBaseGui.cpp */; };
		B282ADD31D05771A0080A150 /* ofxButton.cpp in Sources */ = {isa = PBXBuildFile; fileRef = B282ADC31D05771A0080A150 /* ofxButton.cpp */; };
		B282ADD41D05771A0080A150 /* ofxGuiGroup.cpp in Sources */ = {isa = PBXBuildFile; fileRef = B282ADC61D05771A0080A150 /* ofxGuiGroup.cpp */; };
		B282ADD51D05771A0080A150 /* ofxLabel.cpp in Sources */ = {isa = PBXBuildFile; fileRef = B282ADC81D05771A0080A150 /* ofxLabel.cpp */; };
		B282ADD61D05771A0080A150 /* ofxPanel.cpp in Sources */ = {isa = PBXBuildFile; fileRef = B282ADCA1D05771A0080A150 /* ofxPanel.cpp */; };
		B282ADD71D05771A0080A150 /* ofxSlider.cpp in Sources */ = {isa = PBXBuildFile; fileRef = B282ADCC1D05771A0080A150 /* ofxSlider.cpp */; };
		B282ADD81D05771A0080A150 /* ofxSliderGroup.cpp in Sources */ = {isa = PBXBuildFile; fileRef = B282ADCE1D05771A0080A150 /* ofxSliderGroup.cpp */; };
		B282ADD91D05771A0080A150 /* ofxToggle.cpp in Sources */ = {isa = PBXBuildFile; fileRef = B282ADD01D05771A0080A150 /* ofxToggle.cpp */; };
		B282ADE31D0578C90080A150 /* ofxDelaunay.cpp in Sources */ = {isa = PBXBuildFile; fileRef = B282ADDC1D0578C90080A150 /* ofxDelaunay.cpp */; };
		B282ADE41D0578C90080A150 /* Delaunay.cpp in Sources */ = {isa = PBXBuildFile; fileRef = B282ADE11D0578C90080A150 /* Delaunay.cpp */; };
		E4328149138ABC9F0047C5CB /* openFrameworksDebug.a in Frameworks */ = {isa = PBXBuildFile; fileRef = E4328148138ABC890047C5CB /* openFrameworksDebug.a */; };
		E4B69E200A3A1BDC003C02F2 /* main.cpp in Sources */ = {isa = PBXBuildFile; fileRef = E4B69E1D0A3A1BDC003C02F2 /* main.cpp */; };
		E4B69E210A3A1BDC003C02F2 /* ofApp.cpp in Sources */ = {isa = PBXBuildFile; fileRef = E4B69E1E0A3A1BDC003C02F2 /* ofApp.cpp */; };
/* End PBXBuildFile section */

/* Begin PBXContainerItemProxy section */
		E4328147138ABC890047C5CB /* PBXContainerItemProxy */ = {
			isa = PBXContainerItemProxy;
			containerPortal = E4328143138ABC890047C5CB /* openFrameworksLib.xcodeproj */;
			proxyType = 2;
			remoteGlobalIDString = E4B27C1510CBEB8E00536013;
			remoteInfo = openFrameworks;
		};
		E4EEB9AB138B136A00A80321 /* PBXContainerItemProxy */ = {
			isa = PBXContainerItemProxy;
			containerPortal = E4328143138ABC890047C5CB /* openFrameworksLib.xcodeproj */;
			proxyType = 1;
			remoteGlobalIDString = E4B27C1410CBEB8E00536013;
			remoteInfo = openFrameworks;
		};
/* End PBXContainerItemProxy section */

/* Begin PBXCopyFilesBuildPhase section */
		E4C2427710CC5ABF004149E2 /* CopyFiles */ = {
			isa = PBXCopyFilesBuildPhase;
			buildActionMask = 2147483647;
			dstPath = "";
			dstSubfolderSpec = 10;
			files = (
			);
			runOnlyForDeploymentPostprocessing = 0;
		};
/* End PBXCopyFilesBuildPhase section */

/* Begin PBXFileReference section */
		B276B4921D0AA8BA00C888B6 /* ofxCv.h */ = {isa = PBXFileReference; lastKnownFileType = sourcecode.c.h; path = ofxCv.h; sourceTree = "<group>"; };
		B276B4941D0AA8BA00C888B6 /* .gitignore */ = {isa = PBXFileReference; lastKnownFileType = text; path = .gitignore; sourceTree = "<group>"; };
		B276B4961D0AA8BA00C888B6 /* addons.make */ = {isa = PBXFileReference; lastKnownFileType = text; path = addons.make; sourceTree = "<group>"; };
		B276B4991D0AA8BA00C888B6 /* ETF.h */ = {isa = PBXFileReference; lastKnownFileType = sourcecode.c.h; path = ETF.h; sourceTree = "<group>"; };
		B276B49A1D0AA8BA00C888B6 /* fdog.h */ = {isa = PBXFileReference; lastKnownFileType = sourcecode.c.h; path = fdog.h; sourceTree = "<group>"; };
		B276B49B1D0AA8BA00C888B6 /* imatrix.h */ = {isa = PBXFileReference; lastKnownFileType = sourcecode.c.h; path = imatrix.h; sourceTree = "<group>"; };
		B276B49C1D0AA8BA00C888B6 /* myvec.h */ = {isa = PBXFileReference; lastKnownFileType = sourcecode.c.h; path = myvec.h; sourceTree = "<group>"; };
		B276B49E1D0AA8BA00C888B6 /* ETF.cpp */ = {isa = PBXFileReference; lastKnownFileType = sourcecode.cpp.cpp; path = ETF.cpp; sourceTree = "<group>"; };
		B276B49F1D0AA8BA00C888B6 /* fdog.cpp */ = {isa = PBXFileReference; lastKnownFileType = sourcecode.cpp.cpp; path = fdog.cpp; sourceTree = "<group>"; };
		B276B4A11D0AA8BA00C888B6 /* addons.make */ = {isa = PBXFileReference; lastKnownFileType = text; path = addons.make; sourceTree = "<group>"; };
		B276B4A41D0AA8BA00C888B6 /* Calibration.h */ = {isa = PBXFileReference; lastKnownFileType = sourcecode.c.h; path = Calibration.h; sourceTree = "<group>"; };
		B276B4A51D0AA8BA00C888B6 /* ContourFinder.h */ = {isa = PBXFileReference; lastKnownFileType = sourcecode.c.h; path = ContourFinder.h; sourceTree = "<group>"; };
		B276B4A61D0AA8BA00C888B6 /* Distance.h */ = {isa = PBXFileReference; lastKnownFileType = sourcecode.c.h; path = Distance.h; sourceTree = "<group>"; };
		B276B4A71D0AA8BA00C888B6 /* Flow.h */ = {isa = PBXFileReference; lastKnownFileType = sourcecode.c.h; path = Flow.h; sourceTree = "<group>"; };
		B276B4A81D0AA8BA00C888B6 /* Helpers.h */ = {isa = PBXFileReference; lastKnownFileType = sourcecode.c.h; path = Helpers.h; sourceTree = "<group>"; };
		B276B4A91D0AA8BA00C888B6 /* Kalman.h */ = {isa = PBXFileReference; lastKnownFileType = sourcecode.c.h; path = Kalman.h; sourceTree = "<group>"; };
		B276B4AA1D0AA8BA00C888B6 /* ObjectFinder.h */ = {isa = PBXFileReference; lastKnownFileType = sourcecode.c.h; path = ObjectFinder.h; sourceTree = "<group>"; };
		B276B4AB1D0AA8BA00C888B6 /* RunningBackground.h */ = {isa = PBXFileReference; lastKnownFileType = sourcecode.c.h; path = RunningBackground.h; sourceTree = "<group>"; };
		B276B4AC1D0AA8BA00C888B6 /* Tracker.h */ = {isa = PBXFileReference; lastKnownFileType = sourcecode.c.h; path = Tracker.h; sourceTree = "<group>"; };
		B276B4AD1D0AA8BA00C888B6 /* Utilities.h */ = {isa = PBXFileReference; lastKnownFileType = sourcecode.c.h; path = Utilities.h; sourceTree = "<group>"; };
		B276B4AE1D0AA8BA00C888B6 /* Wrappers.h */ = {isa = PBXFileReference; lastKnownFileType = sourcecode.c.h; path = Wrappers.h; sourceTree = "<group>"; };
		B276B4B01D0AA8BA00C888B6 /* Calibration.cpp */ = {isa = PBXFileReference; lastKnownFileType = sourcecode.cpp.cpp; path = Calibration.cpp; sourceTree = "<group>"; };
		B276B4B11D0AA8BA00C888B6 /* ContourFinder.cpp */ = {isa = PBXFileReference; lastKnownFileType = sourcecode.cpp.cpp; path = ContourFinder.cpp; sourceTree = "<group>"; };
		B276B4B21D0AA8BA00C888B6 /* Distance.cpp */ = {isa = PBXFileReference; lastKnownFileType = sourcecode.cpp.cpp; path = Distance.cpp; sourceTree = "<group>"; };
		B276B4B31D0AA8BA00C888B6 /* Flow.cpp */ = {isa = PBXFileReference; lastKnownFileType = sourcecode.cpp.cpp; path = Flow.cpp; sourceTree = "<group>"; };
		B276B4B41D0AA8BA00C888B6 /* Helpers.cpp */ = {isa = PBXFileReference; lastKnownFileType = sourcecode.cpp.cpp; path = Helpers.cpp; sourceTree = "<group>"; };
		B276B4B51D0AA8BA00C888B6 /* Kalman.cpp */ = {isa = PBXFileReference; lastKnownFileType = sourcecode.cpp.cpp; path = Kalman.cpp; sourceTree = "<group>"; };
		B276B4B61D0AA8BA00C888B6 /* ObjectFinder.cpp */ = {isa = PBXFileReference; lastKnownFileType = sourcecode.cpp.cpp; path = ObjectFinder.cpp; sourceTree = "<group>"; };
		B276B4B71D0AA8BA00C888B6 /* RunningBackground.cpp */ = {isa = PBXFileReference; lastKnownFileType = sourcecode.cpp.cpp; path = RunningBackground.cpp; sourceTree = "<group>"; };
		B276B4B81D0AA8BA00C888B6 /* Tracker.cpp */ = {isa = PBXFileReference; lastKnownFileType = sourcecode.cpp.cpp; path = Tracker.cpp; sourceTree = "<group>"; };
		B276B4B91D0AA8BA00C888B6 /* Utilities.cpp */ = {isa = PBXFileReference; lastKnownFileType = sourcecode.cpp.cpp; path = Utilities.cpp; sourceTree = "<group>"; };
		B276B4BA1D0AA8BA00C888B6 /* Wrappers.cpp */ = {isa = PBXFileReference; lastKnownFileType = sourcecode.cpp.cpp; path = Wrappers.cpp; sourceTree = "<group>"; };
		B276B4BB1D0AA8BA00C888B6 /* opencv.a */ = {isa = PBXFileReference; lastKnownFileType = archive.ar; name = opencv.a; path = ../../../addons/ofxCv/../ofxOpenCv/libs/opencv/lib/osx/opencv.a; sourceTree = "<group>"; };
		B282ADC11D05771A0080A150 /* ofxBaseGui.cpp */ = {isa = PBXFileReference; lastKnownFileType = sourcecode.cpp.cpp; path = ofxBaseGui.cpp; sourceTree = "<group>"; };
		B282ADC21D05771A0080A150 /* ofxBaseGui.h */ = {isa = PBXFileReference; lastKnownFileType = sourcecode.c.h; path = ofxBaseGui.h; sourceTree = "<group>"; };
		B282ADC31D05771A0080A150 /* ofxButton.cpp */ = {isa = PBXFileReference; lastKnownFileType = sourcecode.cpp.cpp; path = ofxButton.cpp; sourceTree = "<group>"; };
		B282ADC41D05771A0080A150 /* ofxButton.h */ = {isa = PBXFileReference; lastKnownFileType = sourcecode.c.h; path = ofxButton.h; sourceTree = "<group>"; };
		B282ADC51D05771A0080A150 /* ofxGui.h */ = {isa = PBXFileReference; lastKnownFileType = sourcecode.c.h; path = ofxGui.h; sourceTree = "<group>"; };
		B282ADC61D05771A0080A150 /* ofxGuiGroup.cpp */ = {isa = PBXFileReference; lastKnownFileType = sourcecode.cpp.cpp; path = ofxGuiGroup.cpp; sourceTree = "<group>"; };
		B282ADC71D05771A0080A150 /* ofxGuiGroup.h */ = {isa = PBXFileReference; lastKnownFileType = sourcecode.c.h; path = ofxGuiGroup.h; sourceTree = "<group>"; };
		B282ADC81D05771A0080A150 /* ofxLabel.cpp */ = {isa = PBXFileReference; lastKnownFileType = sourcecode.cpp.cpp; path = ofxLabel.cpp; sourceTree = "<group>"; };
		B282ADC91D05771A0080A150 /* ofxLabel.h */ = {isa = PBXFileReference; lastKnownFileType = sourcecode.c.h; path = ofxLabel.h; sourceTree = "<group>"; };
		B282ADCA1D05771A0080A150 /* ofxPanel.cpp */ = {isa = PBXFileReference; lastKnownFileType = sourcecode.cpp.cpp; path = ofxPanel.cpp; sourceTree = "<group>"; };
		B282ADCB1D05771A0080A150 /* ofxPanel.h */ = {isa = PBXFileReference; lastKnownFileType = sourcecode.c.h; path = ofxPanel.h; sourceTree = "<group>"; };
		B282ADCC1D05771A0080A150 /* ofxSlider.cpp */ = {isa = PBXFileReference; lastKnownFileType = sourcecode.cpp.cpp; path = ofxSlider.cpp; sourceTree = "<group>"; };
		B282ADCD1D05771A0080A150 /* ofxSlider.h */ = {isa = PBXFileReference; lastKnownFileType = sourcecode.c.h; path = ofxSlider.h; sourceTree = "<group>"; };
		B282ADCE1D05771A0080A150 /* ofxSliderGroup.cpp */ = {isa = PBXFileReference; lastKnownFileType = sourcecode.cpp.cpp; path = ofxSliderGroup.cpp; sourceTree = "<group>"; };
		B282ADCF1D05771A0080A150 /* ofxSliderGroup.h */ = {isa = PBXFileReference; lastKnownFileType = sourcecode.c.h; path = ofxSliderGroup.h; sourceTree = "<group>"; };
		B282ADD01D05771A0080A150 /* ofxToggle.cpp */ = {isa = PBXFileReference; lastKnownFileType = sourcecode.cpp.cpp; path = ofxToggle.cpp; sourceTree = "<group>"; };
		B282ADD11D05771A0080A150 /* ofxToggle.h */ = {isa = PBXFileReference; lastKnownFileType = sourcecode.c.h; path = ofxToggle.h; sourceTree = "<group>"; };
		B282ADDC1D0578C90080A150 /* ofxDelaunay.cpp */ = {isa = PBXFileReference; lastKnownFileType = sourcecode.cpp.cpp; path = ofxDelaunay.cpp; sourceTree = "<group>"; };
		B282ADDD1D0578C90080A150 /* ofxDelaunay.h */ = {isa = PBXFileReference; lastKnownFileType = sourcecode.c.h; path = ofxDelaunay.h; sourceTree = "<group>"; };
		B282ADE11D0578C90080A150 /* Delaunay.cpp */ = {isa = PBXFileReference; lastKnownFileType = sourcecode.cpp.cpp; path = Delaunay.cpp; sourceTree = "<group>"; };
		B282ADE21D0578C90080A150 /* Delaunay.h */ = {isa = PBXFileReference; lastKnownFileType = sourcecode.c.h; path = Delaunay.h; sourceTree = "<group>"; };
		E4328143138ABC890047C5CB /* openFrameworksLib.xcodeproj */ = {isa = PBXFileReference; lastKnownFileType = "wrapper.pb-project"; name = openFrameworksLib.xcodeproj; path = ../../../libs/openFrameworksCompiled/project/osx/openFrameworksLib.xcodeproj; sourceTree = SOURCE_ROOT; };
		E4B69B5B0A3A1756003C02F2 /* delaunayFillDebug.app */ = {isa = PBXFileReference; explicitFileType = wrapper.application; includeInIndex = 0; path = delaunayFillDebug.app; sourceTree = BUILT_PRODUCTS_DIR; };
		E4B69E1D0A3A1BDC003C02F2 /* main.cpp */ = {isa = PBXFileReference; fileEncoding = 30; lastKnownFileType = sourcecode.cpp.cpp; name = main.cpp; path = src/main.cpp; sourceTree = SOURCE_ROOT; };
		E4B69E1E0A3A1BDC003C02F2 /* ofApp.cpp */ = {isa = PBXFileReference; explicitFileType = sourcecode.cpp.cpp; fileEncoding = 30; name = ofApp.cpp; path = src/ofApp.cpp; sourceTree = SOURCE_ROOT; };
		E4B69E1F0A3A1BDC003C02F2 /* ofApp.h */ = {isa = PBXFileReference; fileEncoding = 30; lastKnownFileType = sourcecode.c.h; name = ofApp.h; path = src/ofApp.h; sourceTree = SOURCE_ROOT; };
		E4B6FCAD0C3E899E008CF71C /* openFrameworks-Info.plist */ = {isa = PBXFileReference; fileEncoding = 30; lastKnownFileType = text.plist.xml; path = "openFrameworks-Info.plist"; sourceTree = "<group>"; };
		E4EB691F138AFCF100A09F29 /* CoreOF.xcconfig */ = {isa = PBXFileReference; fileEncoding = 4; lastKnownFileType = text.xcconfig; name = CoreOF.xcconfig; path = ../../../libs/openFrameworksCompiled/project/osx/CoreOF.xcconfig; sourceTree = SOURCE_ROOT; };
		E4EB6923138AFD0F00A09F29 /* Project.xcconfig */ = {isa = PBXFileReference; fileEncoding = 4; lastKnownFileType = text.xcconfig; path = Project.xcconfig; sourceTree = "<group>"; };
/* End PBXFileReference section */

/* Begin PBXFrameworksBuildPhase section */
		E4B69B590A3A1756003C02F2 /* Frameworks */ = {
			isa = PBXFrameworksBuildPhase;
			buildActionMask = 2147483647;
			files = (
				B276B4C91D0AA8BA00C888B6 /* opencv.a in Frameworks */,
				E4328149138ABC9F0047C5CB /* openFrameworksDebug.a in Frameworks */,
			);
			runOnlyForDeploymentPostprocessing = 0;
		};
/* End PBXFrameworksBuildPhase section */

/* Begin PBXGroup section */
		6948EE371B920CB800B5AC1A /* local_addons */ = {
			isa = PBXGroup;
			children = (
			);
			name = local_addons;
			sourceTree = "<group>";
		};
		B276B4901D0AA8BA00C888B6 /* ofxCv */ = {
			isa = PBXGroup;
			children = (
				B276B4911D0AA8BA00C888B6 /* src */,
				B276B4931D0AA8BA00C888B6 /* libs */,
				B276B4BB1D0AA8BA00C888B6 /* opencv.a */,
			);
			name = ofxCv;
			sourceTree = "<group>";
		};
		B276B4911D0AA8BA00C888B6 /* src */ = {
			isa = PBXGroup;
			children = (
				B276B4921D0AA8BA00C888B6 /* ofxCv.h */,
			);
			name = src;
			path = ../../../addons/ofxCv/src;
			sourceTree = "<group>";
		};
		B276B4931D0AA8BA00C888B6 /* libs */ = {
			isa = PBXGroup;
			children = (
				B276B4941D0AA8BA00C888B6 /* .gitignore */,
				B276B4951D0AA8BA00C888B6 /* CLD */,
				B276B4A01D0AA8BA00C888B6 /* ofxCv */,
			);
			name = libs;
			path = ../../../addons/ofxCv/libs;
			sourceTree = "<group>";
		};
		B276B4951D0AA8BA00C888B6 /* CLD */ = {
			isa = PBXGroup;
			children = (
				B276B4961D0AA8BA00C888B6 /* addons.make */,
				B276B4971D0AA8BA00C888B6 /* include */,
				B276B49D1D0AA8BA00C888B6 /* src */,
			);
			path = CLD;
			sourceTree = "<group>";
		};
		B276B4971D0AA8BA00C888B6 /* include */ = {
			isa = PBXGroup;
			children = (
				B276B4981D0AA8BA00C888B6 /* CLD */,
			);
			path = include;
			sourceTree = "<group>";
		};
		B276B4981D0AA8BA00C888B6 /* CLD */ = {
			isa = PBXGroup;
			children = (
				B276B4991D0AA8BA00C888B6 /* ETF.h */,
				B276B49A1D0AA8BA00C888B6 /* fdog.h */,
				B276B49B1D0AA8BA00C888B6 /* imatrix.h */,
				B276B49C1D0AA8BA00C888B6 /* myvec.h */,
			);
			path = CLD;
			sourceTree = "<group>";
		};
		B276B49D1D0AA8BA00C888B6 /* src */ = {
			isa = PBXGroup;
			children = (
				B276B49E1D0AA8BA00C888B6 /* ETF.cpp */,
				B276B49F1D0AA8BA00C888B6 /* fdog.cpp */,
			);
			path = src;
			sourceTree = "<group>";
		};
		B276B4A01D0AA8BA00C888B6 /* ofxCv */ = {
			isa = PBXGroup;
			children = (
				B276B4A11D0AA8BA00C888B6 /* addons.make */,
				B276B4A21D0AA8BA00C888B6 /* include */,
				B276B4AF1D0AA8BA00C888B6 /* src */,
			);
			path = ofxCv;
			sourceTree = "<group>";
		};
		B276B4A21D0AA8BA00C888B6 /* include */ = {
			isa = PBXGroup;
			children = (
				B276B4A31D0AA8BA00C888B6 /* ofxCv */,
			);
			path = include;
			sourceTree = "<group>";
		};
		B276B4A31D0AA8BA00C888B6 /* ofxCv */ = {
			isa = PBXGroup;
			children = (
				B276B4A41D0AA8BA00C888B6 /* Calibration.h */,
				B276B4A51D0AA8BA00C888B6 /* ContourFinder.h */,
				B276B4A61D0AA8BA00C888B6 /* Distance.h */,
				B276B4A71D0AA8BA00C888B6 /* Flow.h */,
				B276B4A81D0AA8BA00C888B6 /* Helpers.h */,
				B276B4A91D0AA8BA00C888B6 /* Kalman.h */,
				B276B4AA1D0AA8BA00C888B6 /* ObjectFinder.h */,
				B276B4AB1D0AA8BA00C888B6 /* RunningBackground.h */,
				B276B4AC1D0AA8BA00C888B6 /* Tracker.h */,
				B276B4AD1D0AA8BA00C888B6 /* Utilities.h */,
				B276B4AE1D0AA8BA00C888B6 /* Wrappers.h */,
			);
			path = ofxCv;
			sourceTree = "<group>";
		};
		B276B4AF1D0AA8BA00C888B6 /* src */ = {
			isa = PBXGroup;
			children = (
				B276B4B01D0AA8BA00C888B6 /* Calibration.cpp */,
				B276B4B11D0AA8BA00C888B6 /* ContourFinder.cpp */,
				B276B4B21D0AA8BA00C888B6 /* Distance.cpp */,
				B276B4B31D0AA8BA00C888B6 /* Flow.cpp */,
				B276B4B41D0AA8BA00C888B6 /* Helpers.cpp */,
				B276B4B51D0AA8BA00C888B6 /* Kalman.cpp */,
				B276B4B61D0AA8BA00C888B6 /* ObjectFinder.cpp */,
				B276B4B71D0AA8BA00C888B6 /* RunningBackground.cpp */,
				B276B4B81D0AA8BA00C888B6 /* Tracker.cpp */,
				B276B4B91D0AA8BA00C888B6 /* Utilities.cpp */,
				B276B4BA1D0AA8BA00C888B6 /* Wrappers.cpp */,
			);
			path = src;
			sourceTree = "<group>";
		};
		B282ADBF1D05771A0080A150 /* ofxGui */ = {
			isa = PBXGroup;
			children = (
				B282ADC01D05771A0080A150 /* src */,
			);
			name = ofxGui;
			sourceTree = "<group>";
		};
		B282ADC01D05771A0080A150 /* src */ = {
			isa = PBXGroup;
			children = (
				B282ADC11D05771A0080A150 /* ofxBaseGui.cpp */,
				B282ADC21D05771A0080A150 /* ofxBaseGui.h */,
				B282ADC31D05771A0080A150 /* ofxButton.cpp */,
				B282ADC41D05771A0080A150 /* ofxButton.h */,
				B282ADC51D05771A0080A150 /* ofxGui.h */,
				B282ADC61D05771A0080A150 /* ofxGuiGroup.cpp */,
				B282ADC71D05771A0080A150 /* ofxGuiGroup.h */,
				B282ADC81D05771A0080A150 /* ofxLabel.cpp */,
				B282ADC91D05771A0080A150 /* ofxLabel.h */,
				B282ADCA1D05771A0080A150 /* ofxPanel.cpp */,
				B282ADCB1D05771A0080A150 /* ofxPanel.h */,
				B282ADCC1D05771A0080A150 /* ofxSlider.cpp */,
				B282ADCD1D05771A0080A150 /* ofxSlider.h */,
				B282ADCE1D05771A0080A150 /* ofxSliderGroup.cpp */,
				B282ADCF1D05771A0080A150 /* ofxSliderGroup.h */,
				B282ADD01D05771A0080A150 /* ofxToggle.cpp */,
				B282ADD11D05771A0080A150 /* ofxToggle.h */,
			);
			name = src;
			path = ../../../addons/ofxGui/src;
			sourceTree = "<group>";
		};
		B282ADDA1D0578C90080A150 /* ofxDelaunay */ = {
			isa = PBXGroup;
			children = (
				B282ADDB1D0578C90080A150 /* src */,
				B282ADDE1D0578C90080A150 /* libs */,
			);
			name = ofxDelaunay;
			sourceTree = "<group>";
		};
		B282ADDB1D0578C90080A150 /* src */ = {
			isa = PBXGroup;
			children = (
				B282ADDC1D0578C90080A150 /* ofxDelaunay.cpp */,
				B282ADDD1D0578C90080A150 /* ofxDelaunay.h */,
			);
			name = src;
			path = ../../../addons/ofxDelaunay/src;
			sourceTree = "<group>";
		};
		B282ADDE1D0578C90080A150 /* libs */ = {
			isa = PBXGroup;
			children = (
				B282ADDF1D0578C90080A150 /* Delaunay */,
			);
			name = libs;
			path = ../../../addons/ofxDelaunay/libs;
			sourceTree = "<group>";
		};
		B282ADDF1D0578C90080A150 /* Delaunay */ = {
			isa = PBXGroup;
			children = (
				B282ADE01D0578C90080A150 /* src */,
			);
			path = Delaunay;
			sourceTree = "<group>";
		};
		B282ADE01D0578C90080A150 /* src */ = {
			isa = PBXGroup;
			children = (
				B282ADE11D0578C90080A150 /* Delaunay.cpp */,
				B282ADE21D0578C90080A150 /* Delaunay.h */,
			);
			path = src;
			sourceTree = "<group>";
		};
		BB4B014C10F69532006C3DED /* addons */ = {
			isa = PBXGroup;
			children = (
				B282ADBF1D05771A0080A150 /* ofxGui */,
				B282ADDA1D0578C90080A150 /* ofxDelaunay */,
				B276B4901D0AA8BA00C888B6 /* ofxCv */,
			);
			name = addons;
			sourceTree = "<group>";
		};
		E4328144138ABC890047C5CB /* Products */ = {
			isa = PBXGroup;
			children = (
				E4328148138ABC890047C5CB /* openFrameworksDebug.a */,
			);
			name = Products;
			sourceTree = "<group>";
		};
		E4B69B4A0A3A1720003C02F2 = {
			isa = PBXGroup;
			children = (
				E4B6FCAD0C3E899E008CF71C /* openFrameworks-Info.plist */,
				E4EB6923138AFD0F00A09F29 /* Project.xcconfig */,
				E4B69E1C0A3A1BDC003C02F2 /* src */,
				E4EEC9E9138DF44700A80321 /* openFrameworks */,
				BB4B014C10F69532006C3DED /* addons */,
				6948EE371B920CB800B5AC1A /* local_addons */,
				E4B69B5B0A3A1756003C02F2 /* delaunayFillDebug.app */,
			);
			sourceTree = "<group>";
		};
		E4B69E1C0A3A1BDC003C02F2 /* src */ = {
			isa = PBXGroup;
			children = (
				E4B69E1D0A3A1BDC003C02F2 /* main.cpp */,
				E4B69E1E0A3A1BDC003C02F2 /* ofApp.cpp */,
				E4B69E1F0A3A1BDC003C02F2 /* ofApp.h */,
			);
			path = src;
			sourceTree = SOURCE_ROOT;
		};
		E4EEC9E9138DF44700A80321 /* openFrameworks */ = {
			isa = PBXGroup;
			children = (
				E4EB691F138AFCF100A09F29 /* CoreOF.xcconfig */,
				E4328143138ABC890047C5CB /* openFrameworksLib.xcodeproj */,
			);
			name = openFrameworks;
			sourceTree = "<group>";
		};
/* End PBXGroup section */

/* Begin PBXNativeTarget section */
		E4B69B5A0A3A1756003C02F2 /* delaunayFill */ = {
			isa = PBXNativeTarget;
			buildConfigurationList = E4B69B5F0A3A1757003C02F2 /* Build configuration list for PBXNativeTarget "delaunayFill" */;
			buildPhases = (
				E4B69B580A3A1756003C02F2 /* Sources */,
				E4B69B590A3A1756003C02F2 /* Frameworks */,
				E4B6FFFD0C3F9AB9008CF71C /* ShellScript */,
				E4C2427710CC5ABF004149E2 /* CopyFiles */,
			);
			buildRules = (
			);
			dependencies = (
				E4EEB9AC138B136A00A80321 /* PBXTargetDependency */,
			);
			name = delaunayFill;
			productName = myOFApp;
			productReference = E4B69B5B0A3A1756003C02F2 /* delaunayFillDebug.app */;
			productType = "com.apple.product-type.application";
		};
/* End PBXNativeTarget section */

/* Begin PBXProject section */
		E4B69B4C0A3A1720003C02F2 /* Project object */ = {
			isa = PBXProject;
			attributes = {
				LastUpgradeCheck = 0600;
			};
			buildConfigurationList = E4B69B4D0A3A1720003C02F2 /* Build configuration list for PBXProject "delaunayFill" */;
			compatibilityVersion = "Xcode 3.2";
			developmentRegion = English;
			hasScannedForEncodings = 0;
			knownRegions = (
				English,
				Japanese,
				French,
				German,
			);
			mainGroup = E4B69B4A0A3A1720003C02F2;
			productRefGroup = E4B69B4A0A3A1720003C02F2;
			projectDirPath = "";
			projectReferences = (
				{
					ProductGroup = E4328144138ABC890047C5CB /* Products */;
					ProjectRef = E4328143138ABC890047C5CB /* openFrameworksLib.xcodeproj */;
				},
			);
			projectRoot = "";
			targets = (
				E4B69B5A0A3A1756003C02F2 /* delaunayFill */,
			);
		};
/* End PBXProject section */

/* Begin PBXReferenceProxy section */
		E4328148138ABC890047C5CB /* openFrameworksDebug.a */ = {
			isa = PBXReferenceProxy;
			fileType = archive.ar;
			path = openFrameworksDebug.a;
			remoteRef = E4328147138ABC890047C5CB /* PBXContainerItemProxy */;
			sourceTree = BUILT_PRODUCTS_DIR;
		};
/* End PBXReferenceProxy section */

/* Begin PBXShellScriptBuildPhase section */
		E4B6FFFD0C3F9AB9008CF71C /* ShellScript */ = {
			isa = PBXShellScriptBuildPhase;
			buildActionMask = 2147483647;
			files = (
			);
			inputPaths = (
			);
			outputPaths = (
			);
			runOnlyForDeploymentPostprocessing = 0;
			shellPath = /bin/sh;
			shellScript = "mkdir -p \"$TARGET_BUILD_DIR/$PRODUCT_NAME.app/Contents/Resources/\"\n# Copy default icon file into App/Resources\nrsync -aved \"$ICON_FILE\" \"$TARGET_BUILD_DIR/$PRODUCT_NAME.app/Contents/Resources/\"\n# Copy libfmod and change install directory for fmod to run\nrsync -aved ../../../libs/fmodex/lib/osx/libfmodex.dylib \"$TARGET_BUILD_DIR/$PRODUCT_NAME.app/Contents/Frameworks/\";\ninstall_name_tool -change @executable_path/libfmodex.dylib @executable_path/../Frameworks/libfmodex.dylib \"$TARGET_BUILD_DIR/$PRODUCT_NAME.app/Contents/MacOS/$PRODUCT_NAME\";\n# Copy GLUT framework (must remove for AppStore submissions)\nrsync -aved ../../../libs/glut/lib/osx/GLUT.framework \"$TARGET_BUILD_DIR/$PRODUCT_NAME.app/Contents/Frameworks/\"\n";
		};
/* End PBXShellScriptBuildPhase section */

/* Begin PBXSourcesBuildPhase section */
		E4B69B580A3A1756003C02F2 /* Sources */ = {
			isa = PBXSourcesBuildPhase;
			buildActionMask = 2147483647;
			files = (
				B276B4C41D0AA8BA00C888B6 /* ObjectFinder.cpp in Sources */,
				B282ADD51D05771A0080A150 /* ofxLabel.cpp in Sources */,
				B276B4C71D0AA8BA00C888B6 /* Utilities.cpp in Sources */,
				E4B69E200A3A1BDC003C02F2 /* main.cpp in Sources */,
				B276B4C81D0AA8BA00C888B6 /* Wrappers.cpp in Sources */,
				B282ADD21D05771A0080A150 /* ofxBaseGui.cpp in Sources */,
				E4B69E210A3A1BDC003C02F2 /* ofApp.cpp in Sources */,
				B276B4C21D0AA8BA00C888B6 /* Helpers.cpp in Sources */,
				B276B4BF1D0AA8BA00C888B6 /* ContourFinder.cpp in Sources */,
				B282ADD61D05771A0080A150 /* ofxPanel.cpp in Sources */,
				B282ADD31D05771A0080A150 /* ofxButton.cpp in Sources */,
				B276B4C51D0AA8BA00C888B6 /* RunningBackground.cpp in Sources */,
				B282ADD71D05771A0080A150 /* ofxSlider.cpp in Sources */,
				B282ADD91D05771A0080A150 /* ofxToggle.cpp in Sources */,
				B276B4C11D0AA8BA00C888B6 /* Flow.cpp in Sources */,
				B276B4BE1D0AA8BA00C888B6 /* Calibration.cpp in Sources */,
				B276B4C01D0AA8BA00C888B6 /* Distance.cpp in Sources */,
				B282ADE41D0578C90080A150 /* Delaunay.cpp in Sources */,
				B276B4BC1D0AA8BA00C888B6 /* ETF.cpp in Sources */,
				B276B4C31D0AA8BA00C888B6 /* Kalman.cpp in Sources */,
				B282ADD81D05771A0080A150 /* ofxSliderGroup.cpp in Sources */,
				B276B4BD1D0AA8BA00C888B6 /* fdog.cpp in Sources */,
				B276B4C61D0AA8BA00C888B6 /* Tracker.cpp in Sources */,
				B282ADE31D0578C90080A150 /* ofxDelaunay.cpp in Sources */,
				B282ADD41D05771A0080A150 /* ofxGuiGroup.cpp in Sources */,
			);
			runOnlyForDeploymentPostprocessing = 0;
		};
/* End PBXSourcesBuildPhase section */

/* Begin PBXTargetDependency section */
		E4EEB9AC138B136A00A80321 /* PBXTargetDependency */ = {
			isa = PBXTargetDependency;
			name = openFrameworks;
			targetProxy = E4EEB9AB138B136A00A80321 /* PBXContainerItemProxy */;
		};
/* End PBXTargetDependency section */

/* Begin XCBuildConfiguration section */
		E4B69B4E0A3A1720003C02F2 /* Debug */ = {
			isa = XCBuildConfiguration;
			baseConfigurationReference = E4EB6923138AFD0F00A09F29 /* Project.xcconfig */;
			buildSettings = {
				CONFIGURATION_BUILD_DIR = "$(SRCROOT)/bin/";
				COPY_PHASE_STRIP = NO;
				DEAD_CODE_STRIPPING = YES;
				GCC_AUTO_VECTORIZATION = YES;
				GCC_ENABLE_SSE3_EXTENSIONS = YES;
				GCC_ENABLE_SUPPLEMENTAL_SSE3_INSTRUCTIONS = YES;
				GCC_INLINES_ARE_PRIVATE_EXTERN = NO;
				GCC_OPTIMIZATION_LEVEL = 0;
				GCC_SYMBOLS_PRIVATE_EXTERN = NO;
				GCC_WARN_ABOUT_DEPRECATED_FUNCTIONS = YES;
				GCC_WARN_ABOUT_INVALID_OFFSETOF_MACRO = NO;
				GCC_WARN_ALLOW_INCOMPLETE_PROTOCOL = NO;
				GCC_WARN_UNINITIALIZED_AUTOS = NO;
				GCC_WARN_UNUSED_VALUE = NO;
				GCC_WARN_UNUSED_VARIABLE = NO;
				MACOSX_DEPLOYMENT_TARGET = 10.8;
				ONLY_ACTIVE_ARCH = YES;
				OTHER_CPLUSPLUSFLAGS = (
					"-D__MACOSX_CORE__",
					"-mtune=native",
				);
				SDKROOT = macosx;
			};
			name = Debug;
		};
		E4B69B4F0A3A1720003C02F2 /* Release */ = {
			isa = XCBuildConfiguration;
			baseConfigurationReference = E4EB6923138AFD0F00A09F29 /* Project.xcconfig */;
			buildSettings = {
				CONFIGURATION_BUILD_DIR = "$(SRCROOT)/bin/";
				COPY_PHASE_STRIP = YES;
				DEAD_CODE_STRIPPING = YES;
				GCC_AUTO_VECTORIZATION = YES;
				GCC_ENABLE_SSE3_EXTENSIONS = YES;
				GCC_ENABLE_SUPPLEMENTAL_SSE3_INSTRUCTIONS = YES;
				GCC_INLINES_ARE_PRIVATE_EXTERN = NO;
				GCC_OPTIMIZATION_LEVEL = 3;
				GCC_SYMBOLS_PRIVATE_EXTERN = NO;
				GCC_UNROLL_LOOPS = YES;
				GCC_WARN_ABOUT_DEPRECATED_FUNCTIONS = YES;
				GCC_WARN_ABOUT_INVALID_OFFSETOF_MACRO = NO;
				GCC_WARN_ALLOW_INCOMPLETE_PROTOCOL = NO;
				GCC_WARN_UNINITIALIZED_AUTOS = NO;
				GCC_WARN_UNUSED_VALUE = NO;
				GCC_WARN_UNUSED_VARIABLE = NO;
				MACOSX_DEPLOYMENT_TARGET = 10.8;
				OTHER_CPLUSPLUSFLAGS = (
					"-D__MACOSX_CORE__",
					"-mtune=native",
				);
				SDKROOT = macosx;
			};
			name = Release;
		};
		E4B69B600A3A1757003C02F2 /* Debug */ = {
			isa = XCBuildConfiguration;
			baseConfigurationReference = E4EB6923138AFD0F00A09F29 /* Project.xcconfig */;
			buildSettings = {
				COMBINE_HIDPI_IMAGES = YES;
				COPY_PHASE_STRIP = NO;
				FRAMEWORK_SEARCH_PATHS = (
					"$(inherited)",
					"$(FRAMEWORK_SEARCH_PATHS_QUOTED_FOR_TARGET_1)",
				);
				FRAMEWORK_SEARCH_PATHS_QUOTED_FOR_TARGET_1 = "\"$(SRCROOT)/../../../libs/glut/lib/osx\"";
				GCC_DYNAMIC_NO_PIC = NO;
				GCC_GENERATE_DEBUGGING_SYMBOLS = YES;
				GCC_MODEL_TUNING = NONE;
				ICON = "$(ICON_NAME_DEBUG)";
				ICON_FILE = "$(ICON_FILE_PATH)$(ICON)";
				INFOPLIST_FILE = "openFrameworks-Info.plist";
				INSTALL_PATH = /Applications;
				LIBRARY_SEARCH_PATHS = "$(inherited)";
				PRODUCT_NAME = "$(TARGET_NAME)Debug";
				USER_HEADER_SEARCH_PATHS = "../../../addons/ofxCv/libs/ofxCv/include/ ../../../addons/ofxCv/../ofxOpenCv/libs/opencv/include ../../../addons/ofxCv/libs/CLD/include/";
				WRAPPER_EXTENSION = app;
			};
			name = Debug;
		};
		E4B69B610A3A1757003C02F2 /* Release */ = {
			isa = XCBuildConfiguration;
			baseConfigurationReference = E4EB6923138AFD0F00A09F29 /* Project.xcconfig */;
			buildSettings = {
				COMBINE_HIDPI_IMAGES = YES;
				COPY_PHASE_STRIP = YES;
				FRAMEWORK_SEARCH_PATHS = (
					"$(inherited)",
					"$(FRAMEWORK_SEARCH_PATHS_QUOTED_FOR_TARGET_1)",
				);
				FRAMEWORK_SEARCH_PATHS_QUOTED_FOR_TARGET_1 = "\"$(SRCROOT)/../../../libs/glut/lib/osx\"";
				GCC_GENERATE_DEBUGGING_SYMBOLS = YES;
				GCC_MODEL_TUNING = NONE;
				ICON = "$(ICON_NAME_RELEASE)";
				ICON_FILE = "$(ICON_FILE_PATH)$(ICON)";
				INFOPLIST_FILE = "openFrameworks-Info.plist";
				INSTALL_PATH = /Applications;
				LIBRARY_SEARCH_PATHS = "$(inherited)";
				PRODUCT_NAME = "$(TARGET_NAME)";
				USER_HEADER_SEARCH_PATHS = "../../../addons/ofxCv/libs/ofxCv/include/ ../../../addons/ofxCv/../ofxOpenCv/libs/opencv/include ../../../addons/ofxCv/libs/CLD/include/";
				WRAPPER_EXTENSION = app;
				baseConfigurationReference = E4EB6923138AFD0F00A09F29;
			};
			name = Release;
		};
/* End XCBuildConfiguration section */

/* Begin XCConfigurationList section */
		E4B69B4D0A3A1720003C02F2 /* Build configuration list for PBXProject "delaunayFill" */ = {
			isa = XCConfigurationList;
			buildConfigurations = (
				E4B69B4E0A3A1720003C02F2 /* Debug */,
				E4B69B4F0A3A1720003C02F2 /* Release */,
			);
			defaultConfigurationIsVisible = 0;
			defaultConfigurationName = Release;
		};
		E4B69B5F0A3A1757003C02F2 /* Build configuration list for PBXNativeTarget "delaunayFill" */ = {
			isa = XCConfigurationList;
			buildConfigurations = (
				E4B69B600A3A1757003C02F2 /* Debug */,
				E4B69B610A3A1757003C02F2 /* Release */,
			);
			defaultConfigurationIsVisible = 0;
			defaultConfigurationName = Release;
		};
/* End XCConfigurationList section */
	};
	rootObject = E4B69B4C0A3A1720003C02F2 /* Project object */;
}
